
Microsoft Visual Studio Solution File, Format Version 12.00
# Visual Studio Version 17
VisualStudioVersion = 17.4.33205.214
MinimumVisualStudioVersion = 10.0.40219.1
Project("{FAE04EC0-301F-11D3-BF4B-00C04F79EFBC}") = "WebApplication1", "WebApplication1\WebApplication1.csproj", "{AD565A89-D493-444B-83B5-3BA46A50DC83}"
EndProject
Global
	GlobalSection(SolutionConfigurationPlatforms) = preSolution
		Debug|Any CPU = Debug|Any CPU
		Release|Any CPU = Release|Any CPU
	EndGlobalSection
	GlobalSection(ProjectConfigurationPlatforms) = postSolution
		{AD565A89-D493-444B-83B5-3BA46A50DC83}.Debug|Any CPU.ActiveCfg = Debug|Any CPU
		{AD565A89-D493-444B-83B5-3BA46A50DC83}.Debug|Any CPU.Build.0 = Debug|Any CPU
		{AD565A89-D493-444B-83B5-3BA46A50DC83}.Release|Any CPU.ActiveCfg = Release|Any CPU
		{AD565A89-D493-444B-83B5-3BA46A50DC83}.Release|Any CPU.Build.0 = Release|Any CPU
	EndGlobalSection
	GlobalSection(SolutionProperties) = preSolution
		HideSolutionNode = FALSE
	EndGlobalSection
	GlobalSection(ExtensibilityGlobals) = postSolution
		SolutionGuid = {349DBC66-85CA-41EB-B366-C9CB73391130}
	EndGlobalSection
EndGlobal
